// !$*UTF8*$!
{
	archiveVersion = 1;
	classes = {
	};
	objectVersion = 46;
	objects = {

/* Begin PBXBuildFile section */
		2345A6291DE4565D00D81768 /* main.m in Sources */ = {isa = PBXBuildFile; fileRef = 2345A6281DE4565D00D81768 /* main.m */; };
		2345A62C1DE4565D00D81768 /* AppDelegate.m in Sources */ = {isa = PBXBuildFile; fileRef = 2345A62B1DE4565D00D81768 /* AppDelegate.m */; };
		2345A62F1DE4565D00D81768 /* ViewController.m in Sources */ = {isa = PBXBuildFile; fileRef = 2345A62E1DE4565D00D81768 /* ViewController.m */; };
		2345A6321DE4565D00D81768 /* Main.storyboard in Resources */ = {isa = PBXBuildFile; fileRef = 2345A6301DE4565D00D81768 /* Main.storyboard */; };
		2345A6341DE4565D00D81768 /* Assets.xcassets in Resources */ = {isa = PBXBuildFile; fileRef = 2345A6331DE4565D00D81768 /* Assets.xcassets */; };
		2345A6371DE4565E00D81768 /* LaunchScreen.storyboard in Resources */ = {isa = PBXBuildFile; fileRef = 2345A6351DE4565D00D81768 /* LaunchScreen.storyboard */; };
		23B5909F2AB07B6700058DA4 /* SKMultiScrollView.m in Sources */ = {isa = PBXBuildFile; fileRef = 23B5909E2AB07B6700058DA4 /* SKMultiScrollView.m */; };
		23B590A42AB1573600058DA4 /* iCarousel.m in Sources */ = {isa = PBXBuildFile; fileRef = 23B590A22AB1573600058DA4 /* iCarousel.m */; };
		23B590A72AB1576000058DA4 /* iCarouselTestView.m in Sources */ = {isa = PBXBuildFile; fileRef = 23B590A62AB1576000058DA4 /* iCarouselTestView.m */; };
		23B5AC912AB19A6D00058DA4 /* DYLineFlowView.m in Sources */ = {isa = PBXBuildFile; fileRef = 23B5AC902AB19A6D00058DA4 /* DYLineFlowView.m */; };
		23B5C86F2AB1B17F00058DA4 /* HWWeakTimer.m in Sources */ = {isa = PBXBuildFile; fileRef = 23B5C86E2AB1B17F00058DA4 /* HWWeakTimer.m */; };
		23E31A6D2AB0551C00770F13 /* SKTestCollectionViewCell.m in Sources */ = {isa = PBXBuildFile; fileRef = 23E31A6C2AB0551C00770F13 /* SKTestCollectionViewCell.m */; };
		23E3FE722AB040F300770F13 /* img2.png in Resources */ = {isa = PBXBuildFile; fileRef = 23E3FE6E2AB040F300770F13 /* img2.png */; };
		23E3FE732AB040F300770F13 /* img3.png in Resources */ = {isa = PBXBuildFile; fileRef = 23E3FE6F2AB040F300770F13 /* img3.png */; };
		23E3FE742AB040F300770F13 /* img1.png in Resources */ = {isa = PBXBuildFile; fileRef = 23E3FE702AB040F300770F13 /* img1.png */; };
		23E3FE752AB040F300770F13 /* img4.png in Resources */ = {isa = PBXBuildFile; fileRef = 23E3FE712AB040F300770F13 /* img4.png */; };
		23E3FE7E2AB0415900770F13 /* SKSimpleSlider.m in Sources */ = {isa = PBXBuildFile; fileRef = 23E3FE7C2AB0415900770F13 /* SKSimpleSlider.m */; };
		23E3FE7F2AB0415900770F13 /* SKSimpleScrollView.m in Sources */ = {isa = PBXBuildFile; fileRef = 23E3FE7D2AB0415900770F13 /* SKSimpleScrollView.m */; };
		23E3FE842AB0416F00770F13 /* SKCarouselView.m in Sources */ = {isa = PBXBuildFile; fileRef = 23E3FE812AB0416F00770F13 /* SKCarouselView.m */; };
		23E3FE8A2AB0419700770F13 /* SKCoverFlowView.m in Sources */ = {isa = PBXBuildFile; fileRef = 23E3FE882AB0419700770F13 /* SKCoverFlowView.m */; };
		23E3FE8B2AB0419700770F13 /* SKCoverBoundView.m in Sources */ = {isa = PBXBuildFile; fileRef = 23E3FE892AB0419700770F13 /* SKCoverBoundView.m */; };
		23E3FE8F2AB042AF00770F13 /* SKCarouselViewLayout.m in Sources */ = {isa = PBXBuildFile; fileRef = 23E3FE8E2AB042AF00770F13 /* SKCarouselViewLayout.m */; };
		23EFB2F32AC1A15900DE679B /* DYLineScrollView.m in Sources */ = {isa = PBXBuildFile; fileRef = 23EFB2F22AC1A15900DE679B /* DYLineScrollView.m */; };
/* End PBXBuildFile section */

/* Begin PBXFileReference section */
		2345A6241DE4565D00D81768 /* SKScrollViewTest.app */ = {isa = PBXFileReference; explicitFileType = wrapper.application; includeInIndex = 0; path = SKScrollViewTest.app; sourceTree = BUILT_PRODUCTS_DIR; };
		2345A6281DE4565D00D81768 /* main.m */ = {isa = PBXFileReference; lastKnownFileType = sourcecode.c.objc; path = main.m; sourceTree = "<group>"; };
		2345A62A1DE4565D00D81768 /* AppDelegate.h */ = {isa = PBXFileReference; lastKnownFileType = sourcecode.c.h; path = AppDelegate.h; sourceTree = "<group>"; };
		2345A62B1DE4565D00D81768 /* AppDelegate.m */ = {isa = PBXFileReference; lastKnownFileType = sourcecode.c.objc; path = AppDelegate.m; sourceTree = "<group>"; };
		2345A62D1DE4565D00D81768 /* ViewController.h */ = {isa = PBXFileReference; lastKnownFileType = sourcecode.c.h; path = ViewController.h; sourceTree = "<group>"; };
		2345A62E1DE4565D00D81768 /* ViewController.m */ = {isa = PBXFileReference; lastKnownFileType = sourcecode.c.objc; path = ViewController.m; sourceTree = "<group>"; };
		2345A6311DE4565D00D81768 /* Base */ = {isa = PBXFileReference; lastKnownFileType = file.storyboard; name = Base; path = Base.lproj/Main.storyboard; sourceTree = "<group>"; };
		2345A6331DE4565D00D81768 /* Assets.xcassets */ = {isa = PBXFileReference; lastKnownFileType = folder.assetcatalog; path = Assets.xcassets; sourceTree = "<group>"; };
		2345A6361DE4565D00D81768 /* Base */ = {isa = PBXFileReference; lastKnownFileType = file.storyboard; name = Base; path = Base.lproj/LaunchScreen.storyboard; sourceTree = "<group>"; };
		2345A6381DE4565E00D81768 /* Info.plist */ = {isa = PBXFileReference; lastKnownFileType = text.plist.xml; path = Info.plist; sourceTree = "<group>"; };
		23B5909D2AB07B6700058DA4 /* SKMultiScrollView.h */ = {isa = PBXFileReference; lastKnownFileType = sourcecode.c.h; path = SKMultiScrollView.h; sourceTree = "<group>"; };
		23B5909E2AB07B6700058DA4 /* SKMultiScrollView.m */ = {isa = PBXFileReference; lastKnownFileType = sourcecode.c.objc; path = SKMultiScrollView.m; sourceTree = "<group>"; };
		23B590A22AB1573600058DA4 /* iCarousel.m */ = {isa = PBXFileReference; fileEncoding = 4; lastKnownFileType = sourcecode.c.objc; path = iCarousel.m; sourceTree = "<group>"; };
		23B590A32AB1573600058DA4 /* iCarousel.h */ = {isa = PBXFileReference; fileEncoding = 4; lastKnownFileType = sourcecode.c.h; path = iCarousel.h; sourceTree = "<group>"; };
		23B590A52AB1576000058DA4 /* iCarouselTestView.h */ = {isa = PBXFileReference; lastKnownFileType = sourcecode.c.h; path = iCarouselTestView.h; sourceTree = "<group>"; };
		23B590A62AB1576000058DA4 /* iCarouselTestView.m */ = {isa = PBXFileReference; lastKnownFileType = sourcecode.c.objc; path = iCarouselTestView.m; sourceTree = "<group>"; };
		23B590A82AB18D2D00058DA4 /* SKCarouselViewLayoutProtocol.h */ = {isa = PBXFileReference; lastKnownFileType = sourcecode.c.h; path = SKCarouselViewLayoutProtocol.h; sourceTree = "<group>"; };
		23B5AC8F2AB19A6D00058DA4 /* DYLineFlowView.h */ = {isa = PBXFileReference; lastKnownFileType = sourcecode.c.h; path = DYLineFlowView.h; sourceTree = "<group>"; };
		23B5AC902AB19A6D00058DA4 /* DYLineFlowView.m */ = {isa = PBXFileReference; lastKnownFileType = sourcecode.c.objc; path = DYLineFlowView.m; sourceTree = "<group>"; };
		23B5C86D2AB1B17F00058DA4 /* HWWeakTimer.h */ = {isa = PBXFileReference; fileEncoding = 4; lastKnownFileType = sourcecode.c.h; path = HWWeakTimer.h; sourceTree = "<group>"; };
		23B5C86E2AB1B17F00058DA4 /* HWWeakTimer.m */ = {isa = PBXFileReference; fileEncoding = 4; lastKnownFileType = sourcecode.c.objc; path = HWWeakTimer.m; sourceTree = "<group>"; };
		23E31A6B2AB0551B00770F13 /* SKTestCollectionViewCell.h */ = {isa = PBXFileReference; lastKnownFileType = sourcecode.c.h; path = SKTestCollectionViewCell.h; sourceTree = "<group>"; };
		23E31A6C2AB0551C00770F13 /* SKTestCollectionViewCell.m */ = {isa = PBXFileReference; lastKnownFileType = sourcecode.c.objc; path = SKTestCollectionViewCell.m; sourceTree = "<group>"; };
		23E3FE6E2AB040F300770F13 /* img2.png */ = {isa = PBXFileReference; lastKnownFileType = image.png; path = img2.png; sourceTree = "<group>"; };
		23E3FE6F2AB040F300770F13 /* img3.png */ = {isa = PBXFileReference; lastKnownFileType = image.png; path = img3.png; sourceTree = "<group>"; };
		23E3FE702AB040F300770F13 /* img1.png */ = {isa = PBXFileReference; lastKnownFileType = image.png; path = img1.png; sourceTree = "<group>"; };
		23E3FE712AB040F300770F13 /* img4.png */ = {isa = PBXFileReference; lastKnownFileType = image.png; path = img4.png; sourceTree = "<group>"; };
		23E3FE792AB0415900770F13 /* SKSlideCellProtocol.h */ = {isa = PBXFileReference; fileEncoding = 4; lastKnownFileType = sourcecode.c.h; path = SKSlideCellProtocol.h; sourceTree = "<group>"; };
		23E3FE7A2AB0415900770F13 /* SKSimpleSlider.h */ = {isa = PBXFileReference; fileEncoding = 4; lastKnownFileType = sourcecode.c.h; path = SKSimpleSlider.h; sourceTree = "<group>"; };
		23E3FE7B2AB0415900770F13 /* SKSimpleScrollView.h */ = {isa = PBXFileReference; fileEncoding = 4; lastKnownFileType = sourcecode.c.h; path = SKSimpleScrollView.h; sourceTree = "<group>"; };
		23E3FE7C2AB0415900770F13 /* SKSimpleSlider.m */ = {isa = PBXFileReference; fileEncoding = 4; lastKnownFileType = sourcecode.c.objc; path = SKSimpleSlider.m; sourceTree = "<group>"; };
		23E3FE7D2AB0415900770F13 /* SKSimpleScrollView.m */ = {isa = PBXFileReference; fileEncoding = 4; lastKnownFileType = sourcecode.c.objc; path = SKSimpleScrollView.m; sourceTree = "<group>"; };
		23E3FE812AB0416F00770F13 /* SKCarouselView.m */ = {isa = PBXFileReference; fileEncoding = 4; lastKnownFileType = sourcecode.c.objc; path = SKCarouselView.m; sourceTree = "<group>"; };
		23E3FE832AB0416F00770F13 /* SKCarouselView.h */ = {isa = PBXFileReference; fileEncoding = 4; lastKnownFileType = sourcecode.c.h; path = SKCarouselView.h; sourceTree = "<group>"; };
		23E3FE862AB0419700770F13 /* SKCoverBoundView.h */ = {isa = PBXFileReference; fileEncoding = 4; lastKnownFileType = sourcecode.c.h; path = SKCoverBoundView.h; sourceTree = "<group>"; };
		23E3FE872AB0419700770F13 /* SKCoverFlowView.h */ = {isa = PBXFileReference; fileEncoding = 4; lastKnownFileType = sourcecode.c.h; path = SKCoverFlowView.h; sourceTree = "<group>"; };
		23E3FE882AB0419700770F13 /* SKCoverFlowView.m */ = {isa = PBXFileReference; fileEncoding = 4; lastKnownFileType = sourcecode.c.objc; path = SKCoverFlowView.m; sourceTree = "<group>"; };
		23E3FE892AB0419700770F13 /* SKCoverBoundView.m */ = {isa = PBXFileReference; fileEncoding = 4; lastKnownFileType = sourcecode.c.objc; path = SKCoverBoundView.m; sourceTree = "<group>"; };
		23E3FE8D2AB042AF00770F13 /* SKCarouselViewLayout.h */ = {isa = PBXFileReference; lastKnownFileType = sourcecode.c.h; path = SKCarouselViewLayout.h; sourceTree = "<group>"; };
		23E3FE8E2AB042AF00770F13 /* SKCarouselViewLayout.m */ = {isa = PBXFileReference; lastKnownFileType = sourcecode.c.objc; path = SKCarouselViewLayout.m; sourceTree = "<group>"; };
		23EFB2F12AC1A15900DE679B /* DYLineScrollView.h */ = {isa = PBXFileReference; fileEncoding = 4; lastKnownFileType = sourcecode.c.h; path = DYLineScrollView.h; sourceTree = "<group>"; };
		23EFB2F22AC1A15900DE679B /* DYLineScrollView.m */ = {isa = PBXFileReference; fileEncoding = 4; lastKnownFileType = sourcecode.c.objc; path = DYLineScrollView.m; sourceTree = "<group>"; };
/* End PBXFileReference section */

/* Begin PBXFrameworksBuildPhase section */
		2345A6211DE4565D00D81768 /* Frameworks */ = {
			isa = PBXFrameworksBuildPhase;
			buildActionMask = 2147483647;
			files = (
			);
			runOnlyForDeploymentPostprocessing = 0;
		};
/* End PBXFrameworksBuildPhase section */

/* Begin PBXGroup section */
		2345A61B1DE4565D00D81768 = {
			isa = PBXGroup;
			children = (
				2345A6261DE4565D00D81768 /* SKScrollViewTest */,
				2345A6251DE4565D00D81768 /* Products */,
			);
			sourceTree = "<group>";
		};
		2345A6251DE4565D00D81768 /* Products */ = {
			isa = PBXGroup;
			children = (
				2345A6241DE4565D00D81768 /* SKScrollViewTest.app */,
			);
			name = Products;
			sourceTree = "<group>";
		};
		2345A6261DE4565D00D81768 /* SKScrollViewTest */ = {
			isa = PBXGroup;
			children = (
				2345A62A1DE4565D00D81768 /* AppDelegate.h */,
				2345A62B1DE4565D00D81768 /* AppDelegate.m */,
				23B5AC8E2AB19A5E00058DA4 /* DYLineFlowView */,
				23B590A12AB1573600058DA4 /* iCarousel */,
				23B5909C2AB07B3800058DA4 /* SKMultiScrollView */,
				23E3FE852AB0419700770F13 /* SKCoverFlowScrollView */,
				23E3FE802AB0416F00770F13 /* SKCarouselView */,
				23E3FE782AB0415900770F13 /* SKSimpleScrollView */,
				2345A62D1DE4565D00D81768 /* ViewController.h */,
				2345A62E1DE4565D00D81768 /* ViewController.m */,
				2345A6301DE4565D00D81768 /* Main.storyboard */,
				2345A6331DE4565D00D81768 /* Assets.xcassets */,
				23E3FE702AB040F300770F13 /* img1.png */,
				23E3FE6E2AB040F300770F13 /* img2.png */,
				23E3FE6F2AB040F300770F13 /* img3.png */,
				23E3FE712AB040F300770F13 /* img4.png */,
				2345A6351DE4565D00D81768 /* LaunchScreen.storyboard */,
				2345A6381DE4565E00D81768 /* Info.plist */,
				2345A6271DE4565D00D81768 /* Supporting Files */,
			);
			path = SKScrollViewTest;
			sourceTree = "<group>";
		};
		2345A6271DE4565D00D81768 /* Supporting Files */ = {
			isa = PBXGroup;
			children = (
				2345A6281DE4565D00D81768 /* main.m */,
			);
			name = "Supporting Files";
			sourceTree = "<group>";
		};
		23B5909C2AB07B3800058DA4 /* SKMultiScrollView */ = {
			isa = PBXGroup;
			children = (
				23B5909D2AB07B6700058DA4 /* SKMultiScrollView.h */,
				23B5909E2AB07B6700058DA4 /* SKMultiScrollView.m */,
			);
			path = SKMultiScrollView;
			sourceTree = "<group>";
		};
		23B590A12AB1573600058DA4 /* iCarousel */ = {
			isa = PBXGroup;
			children = (
				23B590A32AB1573600058DA4 /* iCarousel.h */,
				23B590A22AB1573600058DA4 /* iCarousel.m */,
				23B590A52AB1576000058DA4 /* iCarouselTestView.h */,
				23B590A62AB1576000058DA4 /* iCarouselTestView.m */,
			);
			path = iCarousel;
			sourceTree = "<group>";
		};
		23B5AC8E2AB19A5E00058DA4 /* DYLineFlowView */ = {
			isa = PBXGroup;
			children = (
				23B5C86D2AB1B17F00058DA4 /* HWWeakTimer.h */,
				23B5C86E2AB1B17F00058DA4 /* HWWeakTimer.m */,
				23B5AC8F2AB19A6D00058DA4 /* DYLineFlowView.h */,
				23B5AC902AB19A6D00058DA4 /* DYLineFlowView.m */,
				23EFB2F12AC1A15900DE679B /* DYLineScrollView.h */,
				23EFB2F22AC1A15900DE679B /* DYLineScrollView.m */,
			);
			path = DYLineFlowView;
			sourceTree = "<group>";
		};
		23E3FE782AB0415900770F13 /* SKSimpleScrollView */ = {
			isa = PBXGroup;
			children = (
				23E3FE792AB0415900770F13 /* SKSlideCellProtocol.h */,
				23E3FE7A2AB0415900770F13 /* SKSimpleSlider.h */,
				23E3FE7C2AB0415900770F13 /* SKSimpleSlider.m */,
				23E3FE7B2AB0415900770F13 /* SKSimpleScrollView.h */,
				23E3FE7D2AB0415900770F13 /* SKSimpleScrollView.m */,
			);
			path = SKSimpleScrollView;
			sourceTree = "<group>";
		};
		23E3FE802AB0416F00770F13 /* SKCarouselView */ = {
			isa = PBXGroup;
			children = (
				23E3FE832AB0416F00770F13 /* SKCarouselView.h */,
				23E3FE812AB0416F00770F13 /* SKCarouselView.m */,
				23B590A82AB18D2D00058DA4 /* SKCarouselViewLayoutProtocol.h */,
				23E3FE8D2AB042AF00770F13 /* SKCarouselViewLayout.h */,
				23E3FE8E2AB042AF00770F13 /* SKCarouselViewLayout.m */,
				23E31A6B2AB0551B00770F13 /* SKTestCollectionViewCell.h */,
				23E31A6C2AB0551C00770F13 /* SKTestCollectionViewCell.m */,
			);
			path = SKCarouselView;
			sourceTree = "<group>";
		};
		23E3FE852AB0419700770F13 /* SKCoverFlowScrollView */ = {
			isa = PBXGroup;
			children = (
				23E3FE872AB0419700770F13 /* SKCoverFlowView.h */,
				23E3FE882AB0419700770F13 /* SKCoverFlowView.m */,
				23E3FE862AB0419700770F13 /* SKCoverBoundView.h */,
				23E3FE892AB0419700770F13 /* SKCoverBoundView.m */,
			);
			path = SKCoverFlowScrollView;
			sourceTree = "<group>";
		};
/* End PBXGroup section */

/* Begin PBXNativeTarget section */
		2345A6231DE4565D00D81768 /* SKScrollViewTest */ = {
			isa = PBXNativeTarget;
			buildConfigurationList = 2345A63B1DE4565E00D81768 /* Build configuration list for PBXNativeTarget "SKScrollViewTest" */;
			buildPhases = (
				2345A6201DE4565D00D81768 /* Sources */,
				2345A6211DE4565D00D81768 /* Frameworks */,
				2345A6221DE4565D00D81768 /* Resources */,
			);
			buildRules = (
			);
			dependencies = (
			);
			name = SKScrollViewTest;
			productName = SKScrollViewTest;
			productReference = 2345A6241DE4565D00D81768 /* SKScrollViewTest.app */;
			productType = "com.apple.product-type.application";
		};
/* End PBXNativeTarget section */

/* Begin PBXProject section */
		2345A61C1DE4565D00D81768 /* Project object */ = {
			isa = PBXProject;
			attributes = {
				LastUpgradeCheck = 0800;
				ORGANIZATIONNAME = SkateTest;
				TargetAttributes = {
					2345A6231DE4565D00D81768 = {
						CreatedOnToolsVersion = 8.0;
						DevelopmentTeam = H72UPBF6UW;
						ProvisioningStyle = Automatic;
					};
				};
			};
			buildConfigurationList = 2345A61F1DE4565D00D81768 /* Build configuration list for PBXProject "SKScrollViewTest" */;
			compatibilityVersion = "Xcode 3.2";
			developmentRegion = English;
			hasScannedForEncodings = 0;
			knownRegions = (
				English,
				en,
				Base,
			);
			mainGroup = 2345A61B1DE4565D00D81768;
			productRefGroup = 2345A6251DE4565D00D81768 /* Products */;
			projectDirPath = "";
			projectRoot = "";
			targets = (
				2345A6231DE4565D00D81768 /* SKScrollViewTest */,
			);
		};
/* End PBXProject section */

/* Begin PBXResourcesBuildPhase section */
		2345A6221DE4565D00D81768 /* Resources */ = {
			isa = PBXResourcesBuildPhase;
			buildActionMask = 2147483647;
			files = (
				23E3FE752AB040F300770F13 /* img4.png in Resources */,
				2345A6371DE4565E00D81768 /* LaunchScreen.storyboard in Resources */,
				23E3FE732AB040F300770F13 /* img3.png in Resources */,
				2345A6341DE4565D00D81768 /* Assets.xcassets in Resources */,
				23E3FE722AB040F300770F13 /* img2.png in Resources */,
				2345A6321DE4565D00D81768 /* Main.storyboard in Resources */,
				23E3FE742AB040F300770F13 /* img1.png in Resources */,
			);
			runOnlyForDeploymentPostprocessing = 0;
		};
/* End PBXResourcesBuildPhase section */

/* Begin PBXSourcesBuildPhase section */
		2345A6201DE4565D00D81768 /* Sources */ = {
			isa = PBXSourcesBuildPhase;
			buildActionMask = 2147483647;
			files = (
				23E31A6D2AB0551C00770F13 /* SKTestCollectionViewCell.m in Sources */,
				23B5909F2AB07B6700058DA4 /* SKMultiScrollView.m in Sources */,
				23B590A72AB1576000058DA4 /* iCarouselTestView.m in Sources */,
				23B5C86F2AB1B17F00058DA4 /* HWWeakTimer.m in Sources */,
				23B5AC912AB19A6D00058DA4 /* DYLineFlowView.m in Sources */,
				2345A62F1DE4565D00D81768 /* ViewController.m in Sources */,
				23E3FE842AB0416F00770F13 /* SKCarouselView.m in Sources */,
				2345A62C1DE4565D00D81768 /* AppDelegate.m in Sources */,
				23B590A42AB1573600058DA4 /* iCarousel.m in Sources */,
				23E3FE8A2AB0419700770F13 /* SKCoverFlowView.m in Sources */,
				23E3FE7F2AB0415900770F13 /* SKSimpleScrollView.m in Sources */,
				23E3FE8B2AB0419700770F13 /* SKCoverBoundView.m in Sources */,
				23EFB2F32AC1A15900DE679B /* DYLineScrollView.m in Sources */,
				23E3FE8F2AB042AF00770F13 /* SKCarouselViewLayout.m in Sources */,
				23E3FE7E2AB0415900770F13 /* SKSimpleSlider.m in Sources */,
				2345A6291DE4565D00D81768 /* main.m in Sources */,
			);
			runOnlyForDeploymentPostprocessing = 0;
		};
/* End PBXSourcesBuildPhase section */

/* Begin PBXVariantGroup section */
		2345A6301DE4565D00D81768 /* Main.storyboard */ = {
			isa = PBXVariantGroup;
			children = (
				2345A6311DE4565D00D81768 /* Base */,
			);
			name = Main.storyboard;
			sourceTree = "<group>";
		};
		2345A6351DE4565D00D81768 /* LaunchScreen.storyboard */ = {
			isa = PBXVariantGroup;
			children = (
				2345A6361DE4565D00D81768 /* Base */,
			);
			name = LaunchScreen.storyboard;
			sourceTree = "<group>";
		};
/* End PBXVariantGroup section */

/* Begin XCBuildConfiguration section */
		2345A6391DE4565E00D81768 /* Debug */ = {
			isa = XCBuildConfiguration;
			buildSettings = {
				ALWAYS_SEARCH_USER_PATHS = NO;
				CLANG_ANALYZER_NONNULL = YES;
				CLANG_CXX_LANGUAGE_STANDARD = "gnu++0x";
				CLANG_CXX_LIBRARY = "libc++";
				CLANG_ENABLE_MODULES = YES;
				CLANG_ENABLE_OBJC_ARC = YES;
				CLANG_WARN_BOOL_CONVERSION = YES;
				CLANG_WARN_CONSTANT_CONVERSION = YES;
				CLANG_WARN_DIRECT_OBJC_ISA_USAGE = YES_ERROR;
				CLANG_WARN_DOCUMENTATION_COMMENTS = YES;
				CLANG_WARN_EMPTY_BODY = YES;
				CLANG_WARN_ENUM_CONVERSION = YES;
				CLANG_WARN_INFINITE_RECURSION = YES;
				CLANG_WARN_INT_CONVERSION = YES;
				CLANG_WARN_OBJC_ROOT_CLASS = YES_ERROR;
				CLANG_WARN_SUSPICIOUS_MOVES = YES;
				CLANG_WARN_UNREACHABLE_CODE = YES;
				CLANG_WARN__DUPLICATE_METHOD_MATCH = YES;
				"CODE_SIGN_IDENTITY[sdk=iphoneos*]" = "iPhone Developer";
				COPY_PHASE_STRIP = NO;
				DEBUG_INFORMATION_FORMAT = dwarf;
				ENABLE_STRICT_OBJC_MSGSEND = YES;
				ENABLE_TESTABILITY = YES;
				GCC_C_LANGUAGE_STANDARD = gnu99;
				GCC_DYNAMIC_NO_PIC = NO;
				GCC_NO_COMMON_BLOCKS = YES;
				GCC_OPTIMIZATION_LEVEL = 0;
				GCC_PREPROCESSOR_DEFINITIONS = (
					"DEBUG=1",
					"$(inherited)",
				);
				GCC_WARN_64_TO_32_BIT_CONVERSION = YES;
				GCC_WARN_ABOUT_RETURN_TYPE = YES_ERROR;
				GCC_WARN_UNDECLARED_SELECTOR = YES;
				GCC_WARN_UNINITIALIZED_AUTOS = YES_AGGRESSIVE;
				GCC_WARN_UNUSED_FUNCTION = YES;
				GCC_WARN_UNUSED_VARIABLE = YES;
				IPHONEOS_DEPLOYMENT_TARGET = 10.0;
				MTL_ENABLE_DEBUG_INFO = YES;
				ONLY_ACTIVE_ARCH = YES;
				SDKROOT = iphoneos;
				TARGETED_DEVICE_FAMILY = "1,2";
			};
			name = Debug;
		};
		2345A63A1DE4565E00D81768 /* Release */ = {
			isa = XCBuildConfiguration;
			buildSettings = {
				ALWAYS_SEARCH_USER_PATHS = NO;
				CLANG_ANALYZER_NONNULL = YES;
				CLANG_CXX_LANGUAGE_STANDARD = "gnu++0x";
				CLANG_CXX_LIBRARY = "libc++";
				CLANG_ENABLE_MODULES = YES;
				CLANG_ENABLE_OBJC_ARC = YES;
				CLANG_WARN_BOOL_CONVERSION = YES;
				CLANG_WARN_CONSTANT_CONVERSION = YES;
				CLANG_WARN_DIRECT_OBJC_ISA_USAGE = YES_ERROR;
				CLANG_WARN_DOCUMENTATION_COMMENTS = YES;
				CLANG_WARN_EMPTY_BODY = YES;
				CLANG_WARN_ENUM_CONVERSION = YES;
				CLANG_WARN_INFINITE_RECURSION = YES;
				CLANG_WARN_INT_CONVERSION = YES;
				CLANG_WARN_OBJC_ROOT_CLASS = YES_ERROR;
				CLANG_WARN_SUSPICIOUS_MOVES = YES;
				CLANG_WARN_UNREACHABLE_CODE = YES;
				CLANG_WARN__DUPLICATE_METHOD_MATCH = YES;
				"CODE_SIGN_IDENTITY[sdk=iphoneos*]" = "iPhone Developer";
				COPY_PHASE_STRIP = NO;
				DEBUG_INFORMATION_FORMAT = "dwarf-with-dsym";
				ENABLE_NS_ASSERTIONS = NO;
				ENABLE_STRICT_OBJC_MSGSEND = YES;
				GCC_C_LANGUAGE_STANDARD = gnu99;
				GCC_NO_COMMON_BLOCKS = YES;
				GCC_WARN_64_TO_32_BIT_CONVERSION = YES;
				GCC_WARN_ABOUT_RETURN_TYPE = YES_ERROR;
				GCC_WARN_UNDECLARED_SELECTOR = YES;
				GCC_WARN_UNINITIALIZED_AUTOS = YES_AGGRESSIVE;
				GCC_WARN_UNUSED_FUNCTION = YES;
				GCC_WARN_UNUSED_VARIABLE = YES;
				IPHONEOS_DEPLOYMENT_TARGET = 10.0;
				MTL_ENABLE_DEBUG_INFO = NO;
				SDKROOT = iphoneos;
				TARGETED_DEVICE_FAMILY = "1,2";
				VALIDATE_PRODUCT = YES;
			};
			name = Release;
		};
		2345A63C1DE4565E00D81768 /* Debug */ = {
			isa = XCBuildConfiguration;
			buildSettings = {
				ASSETCATALOG_COMPILER_APPICON_NAME = AppIcon;
				DEVELOPMENT_TEAM = H72UPBF6UW;
				INFOPLIST_FILE = SKScrollViewTest/Info.plist;
				IPHONEOS_DEPLOYMENT_TARGET = 11.0;
				LD_RUNPATH_SEARCH_PATHS = "$(inherited) @executable_path/Frameworks";
				PRODUCT_BUNDLE_IDENTIFIER = com.skate.SKScrollViewTest;
				PRODUCT_NAME = "$(TARGET_NAME)";
			};
			name = Debug;
		};
		2345A63D1DE4565E00D81768 /* Release */ = {
			isa = XCBuildConfiguration;
			buildSettings = {
				ASSETCATALOG_COMPILER_APPICON_NAME = AppIcon;
				DEVELOPMENT_TEAM = H72UPBF6UW;
				INFOPLIST_FILE = SKScrollViewTest/Info.plist;
				IPHONEOS_DEPLOYMENT_TARGET = 11.0;
				LD_RUNPATH_SEARCH_PATHS = "$(inherited) @executable_path/Frameworks";
				PRODUCT_BUNDLE_IDENTIFIER = com.skate.SKScrollViewTest;
				PRODUCT_NAME = "$(TARGET_NAME)";
			};
			name = Release;
		};
/* End XCBuildConfiguration section */

/* Begin XCConfigurationList section */
		2345A61F1DE4565D00D81768 /* Build configuration list for PBXProject "SKScrollViewTest" */ = {
			isa = XCConfigurationList;
			buildConfigurations = (
				2345A6391DE4565E00D81768 /* Debug */,
				2345A63A1DE4565E00D81768 /* Release */,
			);
			defaultConfigurationIsVisible = 0;
			defaultConfigurationName = Release;
		};
		2345A63B1DE4565E00D81768 /* Build configuration list for PBXNativeTarget "SKScrollViewTest" */ = {
			isa = XCConfigurationList;
			buildConfigurations = (
				2345A63C1DE4565E00D81768 /* Debug */,
				2345A63D1DE4565E00D81768 /* Release */,
			);
			defaultConfigurationIsVisible = 0;
			defaultConfigurationName = Release;
		};
/* End XCConfigurationList section */
	};
	rootObject = 2345A61C1DE4565D00D81768 /* Project object */;
}
